
Microsoft Visual Studio Solution File, Format Version 12.00
# Visual Studio Version 16
VisualStudioVersion = 16.0.29411.108
MinimumVisualStudioVersion = 10.0.40219.1
Project("{FAE04EC0-301F-11D3-BF4B-00C04F79EFBC}") = "WebAPI", "WebAPI.csproj", "{FBD9F640-0D03-4AC0-B63B-9D77503ED75E}"
EndProject
Global
	GlobalSection(SolutionConfigurationPlatforms) = preSolution
		Debug|Any CPU = Debug|Any CPU
		Release|Any CPU = Release|Any CPU
	EndGlobalSection
	GlobalSection(ProjectConfigurationPlatforms) = postSolution
		{FBD9F640-0D03-4AC0-B63B-9D77503ED75E}.Debug|Any CPU.ActiveCfg = Debug|Any CPU
		{FBD9F640-0D03-4AC0-B63B-9D77503ED75E}.Debug|Any CPU.Build.0 = Debug|Any CPU
		{FBD9F640-0D03-4AC0-B63B-9D77503ED75E}.Release|Any CPU.ActiveCfg = Release|Any CPU
		{FBD9F640-0D03-4AC0-B63B-9D77503ED75E}.Release|Any CPU.Build.0 = Release|Any CPU
	EndGlobalSection
	GlobalSection(SolutionProperties) = preSolution
		HideSolutionNode = FALSE
	EndGlobalSection
	GlobalSection(ExtensibilityGlobals) = postSolution
		SolutionGuid = {ED37CFBE-566B-4A64-B83E-044893F34B52}
	EndGlobalSection
EndGlobal
